
Microsoft Visual Studio Solution File, Format Version 12.00
# Visual Studio 14
VisualStudioVersion = 14.0.25420.1
MinimumVisualStudioVersion = 10.0.40219.1
Project("{FAE04EC0-301F-11D3-BF4B-00C04F79EFBC}") = "Deliverable 7", "Deliverable 7\Deliverable 7.csproj", "{FDCD567F-1BE8-4646-A0B6-AA6666EB3298}"
EndProject
Project("{FAE04EC0-301F-11D3-BF4B-00C04F79EFBC}") = "Base Classes", "Base Classes\Base Classes.csproj", "{C69439B6-D906-4E28-B3A4-3AFD1A506491}"
EndProject
Global
	GlobalSection(SolutionConfigurationPlatforms) = preSolution
		Debug|Any CPU = Debug|Any CPU
		Release|Any CPU = Release|Any CPU
	EndGlobalSection
	GlobalSection(ProjectConfigurationPlatforms) = postSolution
		{FDCD567F-1BE8-4646-A0B6-AA6666EB3298}.Debug|Any CPU.ActiveCfg = Debug|Any CPU
		{FDCD567F-1BE8-4646-A0B6-AA6666EB3298}.Debug|Any CPU.Build.0 = Debug|Any CPU
		{FDCD567F-1BE8-4646-A0B6-AA6666EB3298}.Release|Any CPU.ActiveCfg = Release|Any CPU
		{FDCD567F-1BE8-4646-A0B6-AA6666EB3298}.Release|Any CPU.Build.0 = Release|Any CPU
		{C69439B6-D906-4E28-B3A4-3AFD1A506491}.Debug|Any CPU.ActiveCfg = Debug|Any CPU
		{C69439B6-D906-4E28-B3A4-3AFD1A506491}.Debug|Any CPU.Build.0 = Debug|Any CPU
		{C69439B6-D906-4E28-B3A4-3AFD1A506491}.Release|Any CPU.ActiveCfg = Release|Any CPU
		{C69439B6-D906-4E28-B3A4-3AFD1A506491}.Release|Any CPU.Build.0 = Release|Any CPU
	EndGlobalSection
	GlobalSection(SolutionProperties) = preSolution
		HideSolutionNode = FALSE
	EndGlobalSection
EndGlobal
